
Microsoft Visual Studio Solution File, Format Version 11.00
# Visual C# Express 2010
Project("{FAE04EC0-301F-11D3-BF4B-00C04F79EFBC}") = "NLib (.NET2)", "NLib (.NET2)\NLib (.NET2).csproj", "{F736DC08-FF79-4A9F-A774-4CC4BD552285}"
EndProject
Project("{FAE04EC0-301F-11D3-BF4B-00C04F79EFBC}") = "NLib (.NET3.5 CP)", "NLib (.NET3.5 CP)\NLib (.NET3.5 CP).csproj", "{772F3EC8-4BE3-4E99-AADC-CED45359CC64}"
EndProject
Project("{FAE04EC0-301F-11D3-BF4B-00C04F79EFBC}") = "NLib (Common)", "NLib (Common)\NLib (Common).csproj", "{5E5DA851-A5A3-4D50-BE4D-C9096EB766B6}"
EndProject
Project("{FAE04EC0-301F-11D3-BF4B-00C04F79EFBC}") = "NLib (.NET4 CP)", "NLib (.NET4 CP)\NLib (.NET4 CP).csproj", "{FB7AB6ED-7E2D-4401-97E5-3E961B6D0FEA}"
EndProject
Project("{FAE04EC0-301F-11D3-BF4B-00C04F79EFBC}") = "NUnitTests.NLib (.NET2)", "NUnitTests.NLib (.NET2)\NUnitTests.NLib (.NET2).csproj", "{94FC0DE5-FBE6-40EE-AA98-6F09E58C708E}"
EndProject
Project("{FAE04EC0-301F-11D3-BF4B-00C04F79EFBC}") = "NUnitTests.NLib (.NET3.5 CP)", "NUnitTests.NLib (.NET3.5 CP)\NUnitTests.NLib (.NET3.5 CP).csproj", "{F897BE87-5582-49D0-B923-A2F1A148A120}"
EndProject
Project("{FAE04EC0-301F-11D3-BF4B-00C04F79EFBC}") = "NUnitTests.NLib (.NET4 CP)", "NUnitTests.NLib (.NET4 CP)\NUnitTests.NLib (.NET4 CP).csproj", "{24FC6730-D539-4C08-AFEC-201C987BA626}"
EndProject
Project("{FAE04EC0-301F-11D3-BF4B-00C04F79EFBC}") = "NUnitTests.NLib (Common)", "NUnitTests.NLib (Common)\NUnitTests.NLib (Common).csproj", "{1C768B1C-19E6-4DA3-93D0-F108E5D71212}"
EndProject
Project("{FAE04EC0-301F-11D3-BF4B-00C04F79EFBC}") = "NLib.Windows.Forms (.NET4 CP)", "NLib.Windows.Forms (.NET4 CP)\NLib.Windows.Forms (.NET4 CP).csproj", "{A798289B-87E3-44B7-A0EA-43714F6D37CE}"
EndProject
Project("{FAE04EC0-301F-11D3-BF4B-00C04F79EFBC}") = "NLib.Windows.Forms (Common)", "NLib.Windows.Forms (Common)\NLib.Windows.Forms (Common).csproj", "{0534C6DB-F3B7-4A4A-A452-743857E6A6FD}"
EndProject
Project("{FAE04EC0-301F-11D3-BF4B-00C04F79EFBC}") = "NUnitTests.NLib.Windows.Forms (Common)", "NUnitTests.NLib.Windows.Forms (Common)\NUnitTests.NLib.Windows.Forms (Common).csproj", "{280D0E4B-DB9B-4FAD-A79D-7659FCDB929A}"
EndProject
Project("{FAE04EC0-301F-11D3-BF4B-00C04F79EFBC}") = "NUnitTests.NLib.Windows.Forms (.NET4 CP)", "NUnitTests.NLib.Windows.Forms (.NET4 CP)\NUnitTests.NLib.Windows.Forms (.NET4 CP).csproj", "{28ACECCF-4D5A-4F59-B2B4-6D1F03A84635}"
EndProject
Global
	GlobalSection(SolutionConfigurationPlatforms) = preSolution
		Debug|Any CPU = Debug|Any CPU
		Release|Any CPU = Release|Any CPU
	EndGlobalSection
	GlobalSection(ProjectConfigurationPlatforms) = postSolution
		{F736DC08-FF79-4A9F-A774-4CC4BD552285}.Debug|Any CPU.ActiveCfg = Debug|Any CPU
		{F736DC08-FF79-4A9F-A774-4CC4BD552285}.Debug|Any CPU.Build.0 = Debug|Any CPU
		{F736DC08-FF79-4A9F-A774-4CC4BD552285}.Release|Any CPU.ActiveCfg = Release|Any CPU
		{F736DC08-FF79-4A9F-A774-4CC4BD552285}.Release|Any CPU.Build.0 = Release|Any CPU
		{772F3EC8-4BE3-4E99-AADC-CED45359CC64}.Debug|Any CPU.ActiveCfg = Debug|Any CPU
		{772F3EC8-4BE3-4E99-AADC-CED45359CC64}.Debug|Any CPU.Build.0 = Debug|Any CPU
		{772F3EC8-4BE3-4E99-AADC-CED45359CC64}.Release|Any CPU.ActiveCfg = Release|Any CPU
		{772F3EC8-4BE3-4E99-AADC-CED45359CC64}.Release|Any CPU.Build.0 = Release|Any CPU
		{5E5DA851-A5A3-4D50-BE4D-C9096EB766B6}.Debug|Any CPU.ActiveCfg = Debug|Any CPU
		{5E5DA851-A5A3-4D50-BE4D-C9096EB766B6}.Release|Any CPU.ActiveCfg = Release|Any CPU
		{FB7AB6ED-7E2D-4401-97E5-3E961B6D0FEA}.Debug|Any CPU.ActiveCfg = Debug|Any CPU
		{FB7AB6ED-7E2D-4401-97E5-3E961B6D0FEA}.Debug|Any CPU.Build.0 = Debug|Any CPU
		{FB7AB6ED-7E2D-4401-97E5-3E961B6D0FEA}.Release|Any CPU.ActiveCfg = Release|Any CPU
		{FB7AB6ED-7E2D-4401-97E5-3E961B6D0FEA}.Release|Any CPU.Build.0 = Release|Any CPU
		{94FC0DE5-FBE6-40EE-AA98-6F09E58C708E}.Debug|Any CPU.ActiveCfg = Debug|Any CPU
		{94FC0DE5-FBE6-40EE-AA98-6F09E58C708E}.Debug|Any CPU.Build.0 = Debug|Any CPU
		{94FC0DE5-FBE6-40EE-AA98-6F09E58C708E}.Release|Any CPU.ActiveCfg = Release|Any CPU
		{94FC0DE5-FBE6-40EE-AA98-6F09E58C708E}.Release|Any CPU.Build.0 = Release|Any CPU
		{F897BE87-5582-49D0-B923-A2F1A148A120}.Debug|Any CPU.ActiveCfg = Debug|Any CPU
		{F897BE87-5582-49D0-B923-A2F1A148A120}.Debug|Any CPU.Build.0 = Debug|Any CPU
		{F897BE87-5582-49D0-B923-A2F1A148A120}.Release|Any CPU.ActiveCfg = Release|Any CPU
		{F897BE87-5582-49D0-B923-A2F1A148A120}.Release|Any CPU.Build.0 = Release|Any CPU
		{24FC6730-D539-4C08-AFEC-201C987BA626}.Debug|Any CPU.ActiveCfg = Debug|Any CPU
		{24FC6730-D539-4C08-AFEC-201C987BA626}.Debug|Any CPU.Build.0 = Debug|Any CPU
		{24FC6730-D539-4C08-AFEC-201C987BA626}.Release|Any CPU.ActiveCfg = Release|Any CPU
		{24FC6730-D539-4C08-AFEC-201C987BA626}.Release|Any CPU.Build.0 = Release|Any CPU
		{1C768B1C-19E6-4DA3-93D0-F108E5D71212}.Debug|Any CPU.ActiveCfg = Debug|Any CPU
		{1C768B1C-19E6-4DA3-93D0-F108E5D71212}.Release|Any CPU.ActiveCfg = Release|Any CPU
		{A798289B-87E3-44B7-A0EA-43714F6D37CE}.Debug|Any CPU.ActiveCfg = Debug|Any CPU
		{A798289B-87E3-44B7-A0EA-43714F6D37CE}.Debug|Any CPU.Build.0 = Debug|Any CPU
		{A798289B-87E3-44B7-A0EA-43714F6D37CE}.Release|Any CPU.ActiveCfg = Release|Any CPU
		{A798289B-87E3-44B7-A0EA-43714F6D37CE}.Release|Any CPU.Build.0 = Release|Any CPU
		{0534C6DB-F3B7-4A4A-A452-743857E6A6FD}.Debug|Any CPU.ActiveCfg = Debug|Any CPU
		{0534C6DB-F3B7-4A4A-A452-743857E6A6FD}.Release|Any CPU.ActiveCfg = Release|Any CPU
		{280D0E4B-DB9B-4FAD-A79D-7659FCDB929A}.Debug|Any CPU.ActiveCfg = Debug|Any CPU
		{280D0E4B-DB9B-4FAD-A79D-7659FCDB929A}.Release|Any CPU.ActiveCfg = Release|Any CPU
		{28ACECCF-4D5A-4F59-B2B4-6D1F03A84635}.Debug|Any CPU.ActiveCfg = Debug|Any CPU
		{28ACECCF-4D5A-4F59-B2B4-6D1F03A84635}.Debug|Any CPU.Build.0 = Debug|Any CPU
		{28ACECCF-4D5A-4F59-B2B4-6D1F03A84635}.Release|Any CPU.ActiveCfg = Release|Any CPU
		{28ACECCF-4D5A-4F59-B2B4-6D1F03A84635}.Release|Any CPU.Build.0 = Release|Any CPU
	EndGlobalSection
	GlobalSection(SolutionProperties) = preSolution
		HideSolutionNode = FALSE
	EndGlobalSection
EndGlobal
